
Microsoft Visual Studio Solution File, Format Version 11.00
# Visual Studio 2010
Project("{8BC9CEB8-8B4A-11D0-8D11-00A0C91BC942}") = "Game", "Game\Game.vcxproj", "{9ACF17C4-DBFB-4236-B468-6AEFDFEF6E5D}"
EndProject
Global
	GlobalSection(SolutionConfigurationPlatforms) = preSolution
		Debug|Win32 = Debug|Win32
		Release|Win32 = Release|Win32
	EndGlobalSection
	GlobalSection(ProjectConfigurationPlatforms) = postSolution
		{9ACF17C4-DBFB-4236-B468-6AEFDFEF6E5D}.Debug|Win32.ActiveCfg = Debug|Win32
		{9ACF17C4-DBFB-4236-B468-6AEFDFEF6E5D}.Debug|Win32.Build.0 = Debug|Win32
		{9ACF17C4-DBFB-4236-B468-6AEFDFEF6E5D}.Release|Win32.ActiveCfg = Release|Win32
		{9ACF17C4-DBFB-4236-B468-6AEFDFEF6E5D}.Release|Win32.Build.0 = Release|Win32
	EndGlobalSection
	GlobalSection(SolutionProperties) = preSolution
		HideSolutionNode = FALSE
	EndGlobalSection
EndGlobal
