
Microsoft Visual Studio Solution File, Format Version 11.00
# Visual Studio 2010
Project("{8BC9CEB8-8B4A-11D0-8D11-00A0C91BC942}") = "HackServer", "HackServer\HackServer.vcxproj", "{A16276AB-B980-43A4-8734-038E49EDD65C}"
EndProject
Global
	GlobalSection(SolutionConfigurationPlatforms) = preSolution
		Debug|Win32 = Debug|Win32
		Release|Win32 = Release|Win32
	EndGlobalSection
	GlobalSection(ProjectConfigurationPlatforms) = postSolution
		{A16276AB-B980-43A4-8734-038E49EDD65C}.Debug|Win32.ActiveCfg = Debug|Win32
		{A16276AB-B980-43A4-8734-038E49EDD65C}.Debug|Win32.Build.0 = Debug|Win32
		{A16276AB-B980-43A4-8734-038E49EDD65C}.Release|Win32.ActiveCfg = Release|Win32
		{A16276AB-B980-43A4-8734-038E49EDD65C}.Release|Win32.Build.0 = Release|Win32
	EndGlobalSection
	GlobalSection(SolutionProperties) = preSolution
		HideSolutionNode = FALSE
	EndGlobalSection
EndGlobal
