
Microsoft Visual Studio Solution File, Format Version 11.00
# Visual Studio 2010
Project("{8BC9CEB8-8B4A-11D0-8D11-00A0C91BC942}") = "GetHardwareId", "GetHardwareId\GetHardwareId.vcxproj", "{BA6E5A12-9E6A-49E0-928E-94A1B1B1E7CA}"
EndProject
Global
	GlobalSection(SolutionConfigurationPlatforms) = preSolution
		Debug|Win32 = Debug|Win32
		Release|Win32 = Release|Win32
	EndGlobalSection
	GlobalSection(ProjectConfigurationPlatforms) = postSolution
		{BA6E5A12-9E6A-49E0-928E-94A1B1B1E7CA}.Debug|Win32.ActiveCfg = Debug|Win32
		{BA6E5A12-9E6A-49E0-928E-94A1B1B1E7CA}.Debug|Win32.Build.0 = Debug|Win32
		{BA6E5A12-9E6A-49E0-928E-94A1B1B1E7CA}.Release|Win32.ActiveCfg = Release|Win32
		{BA6E5A12-9E6A-49E0-928E-94A1B1B1E7CA}.Release|Win32.Build.0 = Release|Win32
	EndGlobalSection
	GlobalSection(SolutionProperties) = preSolution
		HideSolutionNode = FALSE
	EndGlobalSection
EndGlobal
