<?xml version="1.0" encoding="utf-8"?>
<Project ToolsVersion="4.0" xmlns="http://schemas.microsoft.com/developer/msbuild/2003">
  <ItemGroup>
    <Filter Include="Source Files">
      <UniqueIdentifier>{4FC737F1-C7A5-4376-A066-2A32D752A2FF}</UniqueIdentifier>
      <Extensions>cpp;c;cc;cxx;def;odl;idl;hpj;bat;asm;asmx</Extensions>
    </Filter>
    <Filter Include="Header Files">
      <UniqueIdentifier>{93995380-89BD-4b04-88EB-625FBE52EBFB}</UniqueIdentifier>
      <Extensions>h;hpp;hxx;hm;inl;inc;xsd</Extensions>
    </Filter>
    <Filter Include="Resource Files">
      <UniqueIdentifier>{67DA6AB6-F800-4c08-8B7A-83BB121AAD01}</UniqueIdentifier>
      <Extensions>rc;ico;cur;bmp;dlg;rc2;rct;bin;rgs;gif;jpg;jpeg;jpe;resx;tiff;tif;png;wav;mfcribbon-ms</Extensions>
    </Filter>
    <Filter Include="Util Files">
      <UniqueIdentifier>{2d98712e-7860-4e76-a39c-e80cf261b364}</UniqueIdentifier>
    </Filter>
  </ItemGroup>
  <ItemGroup>
    <None Include="ReadMe.txt" />
    <None Include="AddressTable1.bin">
      <Filter>Resource Files</Filter>
    </None>
    <None Include="AddressTable2.bin">
      <Filter>Resource Files</Filter>
    </None>
    <None Include="AddressTable3.bin">
      <Filter>Resource Files</Filter>
    </None>
    <None Include="icon1.ico">
      <Filter>Resource Files</Filter>
    </None>
  </ItemGroup>
  <ItemGroup>
    <ClInclude Include="stdafx.h">
      <Filter>Header Files</Filter>
    </ClInclude>
    <ClInclude Include="Main.h">
      <Filter>Header Files</Filter>
    </ClInclude>
    <ClInclude Include="Item.h">
      <Filter>Header Files</Filter>
    </ClInclude>
    <ClInclude Include="Protocol.h">
      <Filter>Header Files</Filter>
    </ClInclude>
    <ClInclude Include="Protect.h">
      <Filter>Header Files</Filter>
    </ClInclude>
    <ClInclude Include="..\..\Util\CCRC32.H">
      <Filter>Util Files</Filter>
    </ClInclude>
    <ClInclude Include="HackCheck.h">
      <Filter>Header Files</Filter>
    </ClInclude>
    <ClInclude Include="Util.h">
      <Filter>Header Files</Filter>
    </ClInclude>
    <ClInclude Include="resource.h">
      <Filter>Header Files</Filter>
    </ClInclude>
    <ClInclude Include="CustomWing.h">
      <Filter>Header Files</Filter>
    </ClInclude>
    <ClInclude Include="CustomJewel.h">
      <Filter>Header Files</Filter>
    </ClInclude>
    <ClInclude Include="PacketManager.h">
      <Filter>Header Files</Filter>
    </ClInclude>
    <ClInclude Include="Resolution.h">
      <Filter>Header Files</Filter>
    </ClInclude>
    <ClInclude Include="Reconnect.h">
      <Filter>Header Files</Filter>
    </ClInclude>
    <ClInclude Include="PrintPlayer.h">
      <Filter>Header Files</Filter>
    </ClInclude>
    <ClInclude Include="Common.h">
      <Filter>Header Files</Filter>
    </ClInclude>
    <ClInclude Include="CustomMessage.h">
      <Filter>Header Files</Filter>
    </ClInclude>
    <ClInclude Include="Offset.h">
      <Filter>Header Files</Filter>
    </ClInclude>
    <ClInclude Include="CustomItem.h">
      <Filter>Header Files</Filter>
    </ClInclude>
    <ClInclude Include="TMemory.h">
      <Filter>Header Files</Filter>
    </ClInclude>
    <ClInclude Include="ToolKit.h">
      <Filter>Header Files</Filter>
    </ClInclude>
    <ClInclude Include="WingInvisible.h">
      <Filter>Header Files</Filter>
    </ClInclude>
    <ClInclude Include="WingBright.h">
      <Filter>Header Files</Filter>
    </ClInclude>
    <ClInclude Include="Interface.h">
      <Filter>Header Files</Filter>
    </ClInclude>
    <ClInclude Include="Camera.h">
      <Filter>Header Files</Filter>
    </ClInclude>
    <ClInclude Include="User.h">
      <Filter>Header Files</Filter>
    </ClInclude>
    <ClInclude Include="allocator.h">
      <Filter>Header Files</Filter>
    </ClInclude>
    <ClInclude Include="array.h">
      <Filter>Header Files</Filter>
    </ClInclude>
    <ClInclude Include="base.h">
      <Filter>Header Files</Filter>
    </ClInclude>
    <ClInclude Include="Object.h">
      <Filter>Header Files</Filter>
    </ClInclude>
    <ClInclude Include="Other.h">
      <Filter>Header Files</Filter>
    </ClInclude>
    <ClInclude Include="Fog.h">
      <Filter>Header Files</Filter>
    </ClInclude>
    <ClInclude Include="ReadScript.h">
      <Filter>Header Files</Filter>
    </ClInclude>
    <ClInclude Include="SmokeEffect.h">
      <Filter>Header Files</Filter>
    </ClInclude>
    <ClInclude Include="Import.h">
      <Filter>Header Files</Filter>
    </ClInclude>
    <ClInclude Include="Defines.h">
      <Filter>Header Files</Filter>
    </ClInclude>
    <ClInclude Include="Glow.h">
      <Filter>Header Files</Filter>
    </ClInclude>
    <ClInclude Include="Graphics.h">
      <Filter>Header Files</Filter>
    </ClInclude>
    <ClInclude Include="Controller.h">
      <Filter>Header Files</Filter>
    </ClInclude>
    <ClInclude Include="ChatExpanded.h">
      <Filter>Header Files</Filter>
    </ClInclude>
    <ClInclude Include="TrayMode.h">
      <Filter>Header Files</Filter>
    </ClInclude>
    <ClInclude Include="CustomBow.h">
      <Filter>Header Files</Filter>
    </ClInclude>
    <ClInclude Include="PetHook.h">
      <Filter>Header Files</Filter>
    </ClInclude>
    <ClInclude Include="DynamicEffect.h">
      <Filter>Header Files</Filter>
    </ClInclude>
    <ClInclude Include="StaticEffect.h">
      <Filter>Header Files</Filter>
    </ClInclude>
    <ClInclude Include="NewMap.h">
      <Filter>Header Files</Filter>
    </ClInclude>
    <ClInclude Include="Config.h">
      <Filter>Header Files</Filter>
    </ClInclude>
    <ClInclude Include="NewFont.h">
      <Filter>Header Files</Filter>
    </ClInclude>
    <ClInclude Include="WingEffect.h">
      <Filter>Header Files</Filter>
    </ClInclude>
    <ClInclude Include="Skybox.h">
      <Filter>Header Files</Filter>
    </ClInclude>
  </ItemGroup>
  <ItemGroup>
    <ClCompile Include="stdafx.cpp">
      <Filter>Source Files</Filter>
    </ClCompile>
    <ClCompile Include="Main.cpp">
      <Filter>Source Files</Filter>
    </ClCompile>
    <ClCompile Include="Item.cpp">
      <Filter>Source Files</Filter>
    </ClCompile>
    <ClCompile Include="HackCheck.cpp">
      <Filter>Source Files</Filter>
    </ClCompile>
    <ClCompile Include="Protocol.cpp">
      <Filter>Source Files</Filter>
    </ClCompile>
    <ClCompile Include="Protect.cpp">
      <Filter>Source Files</Filter>
    </ClCompile>
    <ClCompile Include="..\..\Util\CCRC32.Cpp">
      <Filter>Util Files</Filter>
    </ClCompile>
    <ClCompile Include="Util.cpp">
      <Filter>Source Files</Filter>
    </ClCompile>
    <ClCompile Include="CustomWing.cpp">
      <Filter>Source Files</Filter>
    </ClCompile>
    <ClCompile Include="CustomJewel.cpp">
      <Filter>Source Files</Filter>
    </ClCompile>
    <ClCompile Include="PacketManager.cpp">
      <Filter>Source Files</Filter>
    </ClCompile>
    <ClCompile Include="Resolution.cpp">
      <Filter>Source Files</Filter>
    </ClCompile>
    <ClCompile Include="Reconnect.cpp">
      <Filter>Source Files</Filter>
    </ClCompile>
    <ClCompile Include="PrintPlayer.cpp">
      <Filter>Source Files</Filter>
    </ClCompile>
    <ClCompile Include="Common.cpp">
      <Filter>Source Files</Filter>
    </ClCompile>
    <ClCompile Include="CustomMessage.cpp">
      <Filter>Source Files</Filter>
    </ClCompile>
    <ClCompile Include="CustomItem.cpp">
      <Filter>Source Files</Filter>
    </ClCompile>
    <ClCompile Include="WingBright.cpp">
      <Filter>Source Files</Filter>
    </ClCompile>
    <ClCompile Include="WingInvisible.cpp">
      <Filter>Source Files</Filter>
    </ClCompile>
    <ClCompile Include="TMemory.cpp">
      <Filter>Source Files</Filter>
    </ClCompile>
    <ClCompile Include="ToolKit.cpp">
      <Filter>Source Files</Filter>
    </ClCompile>
    <ClCompile Include="Interface.cpp">
      <Filter>Source Files</Filter>
    </ClCompile>
    <ClCompile Include="Camera.cpp">
      <Filter>Source Files</Filter>
    </ClCompile>
    <ClCompile Include="User.cpp">
      <Filter>Source Files</Filter>
    </ClCompile>
    <ClCompile Include="Other.cpp">
      <Filter>Source Files</Filter>
    </ClCompile>
    <ClCompile Include="Fog.cpp">
      <Filter>Source Files</Filter>
    </ClCompile>
    <ClCompile Include="SmokeEffect.cpp">
      <Filter>Source Files</Filter>
    </ClCompile>
    <ClCompile Include="Glow.cpp">
      <Filter>Source Files</Filter>
    </ClCompile>
    <ClCompile Include="Graphics.cpp">
      <Filter>Source Files</Filter>
    </ClCompile>
    <ClCompile Include="Controller.cpp">
      <Filter>Source Files</Filter>
    </ClCompile>
    <ClCompile Include="ChatExpanded.cpp">
      <Filter>Source Files</Filter>
    </ClCompile>
    <ClCompile Include="TrayMode.cpp">
      <Filter>Source Files</Filter>
    </ClCompile>
    <ClCompile Include="CustomBow.cpp">
      <Filter>Source Files</Filter>
    </ClCompile>
    <ClCompile Include="PetHook.cpp">
      <Filter>Source Files</Filter>
    </ClCompile>
    <ClCompile Include="DynamicEffect.cpp">
      <Filter>Source Files</Filter>
    </ClCompile>
    <ClCompile Include="StaticEffect.cpp">
      <Filter>Source Files</Filter>
    </ClCompile>
    <ClCompile Include="NewMap.cpp">
      <Filter>Source Files</Filter>
    </ClCompile>
    <ClCompile Include="Config.cpp">
      <Filter>Source Files</Filter>
    </ClCompile>
    <ClCompile Include="NewFont.cpp">
      <Filter>Source Files</Filter>
    </ClCompile>
    <ClCompile Include="WingEffect.cpp">
      <Filter>Source Files</Filter>
    </ClCompile>
    <ClCompile Include="Skybox.cpp">
      <Filter>Source Files</Filter>
    </ClCompile>
  </ItemGroup>
  <ItemGroup>
    <ResourceCompile Include="Main.rc">
      <Filter>Resource Files</Filter>
    </ResourceCompile>
  </ItemGroup>
</Project>