
Microsoft Visual Studio Solution File, Format Version 11.00
# Visual Studio 2010
Project("{8BC9CEB8-8B4A-11D0-8D11-00A0C91BC942}") = "HackClient", "HackClient\HackClient.vcxproj", "{679A05FF-3E37-42B2-AACE-7382B1D25AE1}"
EndProject
Global
	GlobalSection(SolutionConfigurationPlatforms) = preSolution
		Debug|Win32 = Debug|Win32
		Release|Win32 = Release|Win32
	EndGlobalSection
	GlobalSection(ProjectConfigurationPlatforms) = postSolution
		{679A05FF-3E37-42B2-AACE-7382B1D25AE1}.Debug|Win32.ActiveCfg = Debug|Win32
		{679A05FF-3E37-42B2-AACE-7382B1D25AE1}.Debug|Win32.Build.0 = Debug|Win32
		{679A05FF-3E37-42B2-AACE-7382B1D25AE1}.Release|Win32.ActiveCfg = Release|Win32
		{679A05FF-3E37-42B2-AACE-7382B1D25AE1}.Release|Win32.Build.0 = Release|Win32
	EndGlobalSection
	GlobalSection(SolutionProperties) = preSolution
		HideSolutionNode = FALSE
	EndGlobalSection
EndGlobal
