<?xml version="1.0" encoding="utf-8"?>
<Project ToolsVersion="4.0" xmlns="http://schemas.microsoft.com/developer/msbuild/2003">
  <ItemGroup>
    <Filter Include="Source Files">
      <UniqueIdentifier>{4FC737F1-C7A5-4376-A066-2A32D752A2FF}</UniqueIdentifier>
      <Extensions>cpp;c;cc;cxx;def;odl;idl;hpj;bat;asm;asmx</Extensions>
    </Filter>
    <Filter Include="Header Files">
      <UniqueIdentifier>{93995380-89BD-4b04-88EB-625FBE52EBFB}</UniqueIdentifier>
      <Extensions>h;hpp;hxx;hm;inl;inc;xsd</Extensions>
    </Filter>
    <Filter Include="Resource Files">
      <UniqueIdentifier>{67DA6AB6-F800-4c08-8B7A-83BB121AAD01}</UniqueIdentifier>
      <Extensions>rc;ico;cur;bmp;dlg;rc2;rct;bin;rgs;gif;jpg;jpeg;jpe;resx;tiff;tif;png;wav;mfcribbon-ms</Extensions>
    </Filter>
    <Filter Include="Source Files\Modules">
      <UniqueIdentifier>{d03acafb-6d9a-466c-844e-e454f23bc51f}</UniqueIdentifier>
    </Filter>
    <Filter Include="Header Files\Modules">
      <UniqueIdentifier>{d3db4067-0dec-490c-957d-c0ae3a814de2}</UniqueIdentifier>
    </Filter>
  </ItemGroup>
  <ItemGroup>
    <None Include="ReadMe.txt" />
    <None Include="SplashScreen\InitSplash.bmp">
      <Filter>Resource Files</Filter>
    </None>
    <None Include="SplashScreen\WarningSplash.bmp">
      <Filter>Resource Files</Filter>
    </None>
    <None Include="SplashScreen\CloseSplash.bmp">
      <Filter>Resource Files</Filter>
    </None>
  </ItemGroup>
  <ItemGroup>
    <ClInclude Include="stdafx.h">
      <Filter>Header Files</Filter>
    </ClInclude>
    <ClInclude Include="HackClient.h">
      <Filter>Header Files</Filter>
    </ClInclude>
    <ClInclude Include="Connection.h">
      <Filter>Header Files</Filter>
    </ClInclude>
    <ClInclude Include="CriticalSection.h">
      <Filter>Header Files</Filter>
    </ClInclude>
    <ClInclude Include="Util.h">
      <Filter>Header Files</Filter>
    </ClInclude>
    <ClInclude Include="Protect.h">
      <Filter>Header Files</Filter>
    </ClInclude>
    <ClInclude Include="HackCheck.h">
      <Filter>Header Files</Filter>
    </ClInclude>
    <ClInclude Include="HackServerProtocol.h">
      <Filter>Header Files</Filter>
    </ClInclude>
    <ClInclude Include="ListManager.h">
      <Filter>Header Files</Filter>
    </ClInclude>
    <ClInclude Include="DumpCheck.h">
      <Filter>Header Files\Modules</Filter>
    </ClInclude>
    <ClInclude Include="FileCheck.h">
      <Filter>Header Files\Modules</Filter>
    </ClInclude>
    <ClInclude Include="FileMappingCheck.h">
      <Filter>Header Files\Modules</Filter>
    </ClInclude>
    <ClInclude Include="LibraryCheck.h">
      <Filter>Header Files\Modules</Filter>
    </ClInclude>
    <ClInclude Include="ExecutableCheck.h">
      <Filter>Header Files\Modules</Filter>
    </ClInclude>
    <ClInclude Include="SimpleModules.h">
      <Filter>Header Files\Modules</Filter>
    </ClInclude>
    <ClInclude Include="RegistryCheck.h">
      <Filter>Header Files\Modules</Filter>
    </ClInclude>
    <ClInclude Include="SplashScreen.h">
      <Filter>Header Files</Filter>
    </ClInclude>
    <ClInclude Include="resource.h">
      <Filter>Header Files</Filter>
    </ClInclude>
    <ClInclude Include="CCRC32.h">
      <Filter>Header Files</Filter>
    </ClInclude>
    <ClInclude Include="ThreadCheck.h">
      <Filter>Header Files\Modules</Filter>
    </ClInclude>
    <ClInclude Include="ProcessQuery.h">
      <Filter>Header Files</Filter>
    </ClInclude>
    <ClInclude Include="ProcessManager.h">
      <Filter>Header Files</Filter>
    </ClInclude>
    <ClInclude Include="Message.h">
      <Filter>Header Files</Filter>
    </ClInclude>
    <ClInclude Include="Log.h">
      <Filter>Header Files</Filter>
    </ClInclude>
    <ClInclude Include="WindowCheck.h">
      <Filter>Header Files\Modules</Filter>
    </ClInclude>
    <ClInclude Include="MacroCheck.h">
      <Filter>Header Files\Modules</Filter>
    </ClInclude>
    <ClInclude Include="ProcessCheck.h">
      <Filter>Header Files\Modules</Filter>
    </ClInclude>
    <ClInclude Include="FileProtect.h">
      <Filter>Header Files</Filter>
    </ClInclude>
  </ItemGroup>
  <ItemGroup>
    <ClCompile Include="stdafx.cpp">
      <Filter>Source Files</Filter>
    </ClCompile>
    <ClCompile Include="HackClient.cpp">
      <Filter>Source Files</Filter>
    </ClCompile>
    <ClCompile Include="Connection.cpp">
      <Filter>Source Files</Filter>
    </ClCompile>
    <ClCompile Include="CriticalSection.cpp">
      <Filter>Source Files</Filter>
    </ClCompile>
    <ClCompile Include="Util.cpp">
      <Filter>Source Files</Filter>
    </ClCompile>
    <ClCompile Include="Protect.cpp">
      <Filter>Source Files</Filter>
    </ClCompile>
    <ClCompile Include="HackCheck.cpp">
      <Filter>Source Files</Filter>
    </ClCompile>
    <ClCompile Include="ListManager.cpp">
      <Filter>Source Files</Filter>
    </ClCompile>
    <ClCompile Include="DumpCheck.cpp">
      <Filter>Source Files\Modules</Filter>
    </ClCompile>
    <ClCompile Include="FileCheck.cpp">
      <Filter>Source Files\Modules</Filter>
    </ClCompile>
    <ClCompile Include="FileMappingCheck.cpp">
      <Filter>Source Files\Modules</Filter>
    </ClCompile>
    <ClCompile Include="LibraryCheck.cpp">
      <Filter>Source Files\Modules</Filter>
    </ClCompile>
    <ClCompile Include="ExecutableCheck.cpp">
      <Filter>Source Files\Modules</Filter>
    </ClCompile>
    <ClCompile Include="SimpleModules.cpp">
      <Filter>Source Files\Modules</Filter>
    </ClCompile>
    <ClCompile Include="RegistryCheck.cpp">
      <Filter>Source Files\Modules</Filter>
    </ClCompile>
    <ClCompile Include="SplashScreen.cpp">
      <Filter>Source Files</Filter>
    </ClCompile>
    <ClCompile Include="CCRC32.cpp">
      <Filter>Source Files</Filter>
    </ClCompile>
    <ClCompile Include="ThreadCheck.cpp">
      <Filter>Source Files\Modules</Filter>
    </ClCompile>
    <ClCompile Include="ProcessQuery.cpp">
      <Filter>Source Files</Filter>
    </ClCompile>
    <ClCompile Include="ProcessManager.cpp">
      <Filter>Source Files</Filter>
    </ClCompile>
    <ClCompile Include="Message.cpp">
      <Filter>Source Files</Filter>
    </ClCompile>
    <ClCompile Include="Log.cpp">
      <Filter>Source Files</Filter>
    </ClCompile>
    <ClCompile Include="WindowCheck.cpp">
      <Filter>Source Files\Modules</Filter>
    </ClCompile>
    <ClCompile Include="MacroCheck.cpp">
      <Filter>Source Files\Modules</Filter>
    </ClCompile>
    <ClCompile Include="ProcessCheck.cpp">
      <Filter>Source Files\Modules</Filter>
    </ClCompile>
    <ClCompile Include="FileProtect.cpp">
      <Filter>Source Files</Filter>
    </ClCompile>
    <ClCompile Include="HackServerProtocol.cpp">
      <Filter>Source Files</Filter>
    </ClCompile>
  </ItemGroup>
  <ItemGroup>
    <ResourceCompile Include="HackClient1.rc">
      <Filter>Resource Files</Filter>
    </ResourceCompile>
  </ItemGroup>
</Project>